
Microsoft Visual Studio Solution File, Format Version 12.00
# Visual Studio Version 16
VisualStudioVersion = 16.0.29306.81
MinimumVisualStudioVersion = 10.0.40219.1
Project("{FAE04EC0-301F-11D3-BF4B-00C04F79EFBC}") = "ByteBank.SistemaAgencia", "ByteBank.SistemaAgencia\ByteBank.SistemaAgencia.csproj", "{B368A073-F63C-46DF-AFFE-099632FF9E5E}"
EndProject
Project("{9A19103F-16F7-4668-BE54-9A1E7A4F7556}") = "ByteBank.Modelos", "ByteBank.Modelos\ByteBank.Modelos.csproj", "{C40BC89D-B520-4C7F-A1B6-70DE6ED96903}"
EndProject
Project("{FAE04EC0-301F-11D3-BF4B-00C04F79EFBC}") = "ByteBank.SistemaInterno", "ByteBank.SistemaInterno\ByteBank.SistemaInterno.csproj", "{DE3B3D27-5330-417C-9658-FD6C38ED61EF}"
EndProject
Global
	GlobalSection(SolutionConfigurationPlatforms) = preSolution
		Debug|Any CPU = Debug|Any CPU
		Release|Any CPU = Release|Any CPU
	EndGlobalSection
	GlobalSection(ProjectConfigurationPlatforms) = postSolution
		{B368A073-F63C-46DF-AFFE-099632FF9E5E}.Debug|Any CPU.ActiveCfg = Debug|Any CPU
		{B368A073-F63C-46DF-AFFE-099632FF9E5E}.Debug|Any CPU.Build.0 = Debug|Any CPU
		{B368A073-F63C-46DF-AFFE-099632FF9E5E}.Release|Any CPU.ActiveCfg = Release|Any CPU
		{B368A073-F63C-46DF-AFFE-099632FF9E5E}.Release|Any CPU.Build.0 = Release|Any CPU
		{C40BC89D-B520-4C7F-A1B6-70DE6ED96903}.Debug|Any CPU.ActiveCfg = Debug|Any CPU
		{C40BC89D-B520-4C7F-A1B6-70DE6ED96903}.Debug|Any CPU.Build.0 = Debug|Any CPU
		{C40BC89D-B520-4C7F-A1B6-70DE6ED96903}.Release|Any CPU.ActiveCfg = Release|Any CPU
		{C40BC89D-B520-4C7F-A1B6-70DE6ED96903}.Release|Any CPU.Build.0 = Release|Any CPU
		{DE3B3D27-5330-417C-9658-FD6C38ED61EF}.Debug|Any CPU.ActiveCfg = Debug|Any CPU
		{DE3B3D27-5330-417C-9658-FD6C38ED61EF}.Debug|Any CPU.Build.0 = Debug|Any CPU
		{DE3B3D27-5330-417C-9658-FD6C38ED61EF}.Release|Any CPU.ActiveCfg = Release|Any CPU
		{DE3B3D27-5330-417C-9658-FD6C38ED61EF}.Release|Any CPU.Build.0 = Release|Any CPU
	EndGlobalSection
	GlobalSection(SolutionProperties) = preSolution
		HideSolutionNode = FALSE
	EndGlobalSection
	GlobalSection(ExtensibilityGlobals) = postSolution
		SolutionGuid = {43EAF73B-427A-4589-BB2A-A1D3D29BB524}
	EndGlobalSection
EndGlobal
